
Microsoft Visual Studio Solution File, Format Version 12.00
# Visual Studio Version 17
VisualStudioVersion = 17.7.34031.279
MinimumVisualStudioVersion = 10.0.40219.1
Project("{FAE04EC0-301F-11D3-BF4B-00C04F79EFBC}") = "InventoryProject", "InventoryProject\InventoryProject.csproj", "{86D99385-69CF-49C8-BCCE-6187F4BEE26E}"
EndProject
Global
	GlobalSection(SolutionConfigurationPlatforms) = preSolution
		Debug|Any CPU = Debug|Any CPU
		Release|Any CPU = Release|Any CPU
	EndGlobalSection
	GlobalSection(ProjectConfigurationPlatforms) = postSolution
		{86D99385-69CF-49C8-BCCE-6187F4BEE26E}.Debug|Any CPU.ActiveCfg = Debug|Any CPU
		{86D99385-69CF-49C8-BCCE-6187F4BEE26E}.Debug|Any CPU.Build.0 = Debug|Any CPU
		{86D99385-69CF-49C8-BCCE-6187F4BEE26E}.Release|Any CPU.ActiveCfg = Release|Any CPU
		{86D99385-69CF-49C8-BCCE-6187F4BEE26E}.Release|Any CPU.Build.0 = Release|Any CPU
	EndGlobalSection
	GlobalSection(SolutionProperties) = preSolution
		HideSolutionNode = FALSE
	EndGlobalSection
	GlobalSection(ExtensibilityGlobals) = postSolution
		SolutionGuid = {936E59B0-B1A6-4513-8C8A-E6E5C8CE7F96}
	EndGlobalSection
EndGlobal
